// !$*UTF8*$!
{
	archiveVersion = 1;
	classes = {
	};
	objectVersion = 46;
	objects = {

/* Begin PBXBuildFile section */
		E9D5405D1EC90B8600E0486E /* TableViewCell.swift in Sources */ = {isa = PBXBuildFile; fileRef = E9D5405C1EC90B8600E0486E /* TableViewCell.swift */; };
		E9E542FB1EC465C300E5659C /* AppDelegate.swift in Sources */ = {isa = PBXBuildFile; fileRef = E9E542FA1EC465C300E5659C /* AppDelegate.swift */; };
		E9E542FD1EC465C300E5659C /* MasterViewController.swift in Sources */ = {isa = PBXBuildFile; fileRef = E9E542FC1EC465C300E5659C /* MasterViewController.swift */; };
		E9E542FF1EC465C300E5659C /* DetailViewController.swift in Sources */ = {isa = PBXBuildFile; fileRef = E9E542FE1EC465C300E5659C /* DetailViewController.swift */; };
		E9E543021EC465C300E5659C /* Main.storyboard in Resources */ = {isa = PBXBuildFile; fileRef = E9E543001EC465C300E5659C /* Main.storyboard */; };
		E9E543041EC465C300E5659C /* Assets.xcassets in Resources */ = {isa = PBXBuildFile; fileRef = E9E543031EC465C300E5659C /* Assets.xcassets */; };
		E9E543071EC465C300E5659C /* LaunchScreen.storyboard in Resources */ = {isa = PBXBuildFile; fileRef = E9E543051EC465C300E5659C /* LaunchScreen.storyboard */; };
		E9E5430F1EC46CA000E5659C /* TodoItem.swift in Sources */ = {isa = PBXBuildFile; fileRef = E9E5430E1EC46CA000E5659C /* TodoItem.swift */; };
		E9E543111EC46CB600E5659C /* TodoList.swift in Sources */ = {isa = PBXBuildFile; fileRef = E9E543101EC46CB600E5659C /* TodoList.swift */; };
		E9E543131EC46CC800E5659C /* TodoManager.swift in Sources */ = {isa = PBXBuildFile; fileRef = E9E543121EC46CC800E5659C /* TodoManager.swift */; };
		E9E543161EC47B7D00E5659C /* DatabaseHelper.swift in Sources */ = {isa = PBXBuildFile; fileRef = E9E543151EC47B7D00E5659C /* DatabaseHelper.swift */; };
		E9E5434A1EC4838D00E5659C /* SQLite.framework in Frameworks */ = {isa = PBXBuildFile; fileRef = E9E5433D1EC4837600E5659C /* SQLite.framework */; };
/* End PBXBuildFile section */

/* Begin PBXContainerItemProxy section */
		E9E5433C1EC4837600E5659C /* PBXContainerItemProxy */ = {
			isa = PBXContainerItemProxy;
			containerPortal = E9E543321EC4837600E5659C /* SQLite.xcodeproj */;
			proxyType = 2;
			remoteGlobalIDString = EE247AD31C3F04ED00AE3E12;
			remoteInfo = "SQLite iOS";
		};
		E9E5433E1EC4837600E5659C /* PBXContainerItemProxy */ = {
			isa = PBXContainerItemProxy;
			containerPortal = E9E543321EC4837600E5659C /* SQLite.xcodeproj */;
			proxyType = 2;
			remoteGlobalIDString = EE247ADD1C3F04ED00AE3E12;
			remoteInfo = "SQLiteTests iOS";
		};
		E9E543401EC4837600E5659C /* PBXContainerItemProxy */ = {
			isa = PBXContainerItemProxy;
			containerPortal = E9E543321EC4837600E5659C /* SQLite.xcodeproj */;
			proxyType = 2;
			remoteGlobalIDString = EE247B3C1C3F3ED000AE3E12;
			remoteInfo = "SQLite Mac";
		};
		E9E543421EC4837600E5659C /* PBXContainerItemProxy */ = {
			isa = PBXContainerItemProxy;
			containerPortal = E9E543321EC4837600E5659C /* SQLite.xcodeproj */;
			proxyType = 2;
			remoteGlobalIDString = EE247B451C3F3ED000AE3E12;
			remoteInfo = "SQLiteTests Mac";
		};
		E9E543441EC4837600E5659C /* PBXContainerItemProxy */ = {
			isa = PBXContainerItemProxy;
			containerPortal = E9E543321EC4837600E5659C /* SQLite.xcodeproj */;
			proxyType = 2;
			remoteGlobalIDString = 03A65E5A1C6BB0F50062603F;
			remoteInfo = "SQLite tvOS";
		};
		E9E543461EC4837600E5659C /* PBXContainerItemProxy */ = {
			isa = PBXContainerItemProxy;
			containerPortal = E9E543321EC4837600E5659C /* SQLite.xcodeproj */;
			proxyType = 2;
			remoteGlobalIDString = 03A65E631C6BB0F60062603F;
			remoteInfo = "SQLiteTests tvOS";
		};
		E9E543481EC4837600E5659C /* PBXContainerItemProxy */ = {
			isa = PBXContainerItemProxy;
			containerPortal = E9E543321EC4837600E5659C /* SQLite.xcodeproj */;
			proxyType = 2;
			remoteGlobalIDString = A121AC451CA35C79005A31D1;
			remoteInfo = "SQLite watchOS";
		};
/* End PBXContainerItemProxy section */

/* Begin PBXFileReference section */
		E9D5405C1EC90B8600E0486E /* TableViewCell.swift */ = {isa = PBXFileReference; fileEncoding = 4; lastKnownFileType = sourcecode.swift; path = TableViewCell.swift; sourceTree = "<group>"; };
		E9E542F71EC465C300E5659C /* ThomasHamburger-pset5.app */ = {isa = PBXFileReference; explicitFileType = wrapper.application; includeInIndex = 0; path = "ThomasHamburger-pset5.app"; sourceTree = BUILT_PRODUCTS_DIR; };
		E9E542FA1EC465C300E5659C /* AppDelegate.swift */ = {isa = PBXFileReference; lastKnownFileType = sourcecode.swift; path = AppDelegate.swift; sourceTree = "<group>"; };
		E9E542FC1EC465C300E5659C /* MasterViewController.swift */ = {isa = PBXFileReference; lastKnownFileType = sourcecode.swift; path = MasterViewController.swift; sourceTree = "<group>"; };
		E9E542FE1EC465C300E5659C /* DetailViewController.swift */ = {isa = PBXFileReference; lastKnownFileType = sourcecode.swift; path = DetailViewController.swift; sourceTree = "<group>"; };
		E9E543011EC465C300E5659C /* Base */ = {isa = PBXFileReference; lastKnownFileType = file.storyboard; name = Base; path = Base.lproj/Main.storyboard; sourceTree = "<group>"; };
		E9E543031EC465C300E5659C /* Assets.xcassets */ = {isa = PBXFileReference; lastKnownFileType = folder.assetcatalog; path = Assets.xcassets; sourceTree = "<group>"; };
		E9E543061EC465C300E5659C /* Base */ = {isa = PBXFileReference; lastKnownFileType = file.storyboard; name = Base; path = Base.lproj/LaunchScreen.storyboard; sourceTree = "<group>"; };
		E9E543081EC465C300E5659C /* Info.plist */ = {isa = PBXFileReference; lastKnownFileType = text.plist.xml; path = Info.plist; sourceTree = "<group>"; };
		E9E5430E1EC46CA000E5659C /* TodoItem.swift */ = {isa = PBXFileReference; fileEncoding = 4; lastKnownFileType = sourcecode.swift; path = TodoItem.swift; sourceTree = "<group>"; };
		E9E543101EC46CB600E5659C /* TodoList.swift */ = {isa = PBXFileReference; fileEncoding = 4; lastKnownFileType = sourcecode.swift; path = TodoList.swift; sourceTree = "<group>"; };
		E9E543121EC46CC800E5659C /* TodoManager.swift */ = {isa = PBXFileReference; fileEncoding = 4; lastKnownFileType = sourcecode.swift; path = TodoManager.swift; sourceTree = "<group>"; };
		E9E543151EC47B7D00E5659C /* DatabaseHelper.swift */ = {isa = PBXFileReference; fileEncoding = 4; lastKnownFileType = sourcecode.swift; path = DatabaseHelper.swift; sourceTree = "<group>"; };
		E9E543321EC4837600E5659C /* SQLite.xcodeproj */ = {isa = PBXFileReference; lastKnownFileType = "wrapper.pb-project"; name = SQLite.xcodeproj; path = "ThomasHamburger-pset5/External/SQLite.swift-master/SQLite.xcodeproj"; sourceTree = "<group>"; };
/* End PBXFileReference section */

/* Begin PBXFrameworksBuildPhase section */
		E9E542F41EC465C300E5659C /* Frameworks */ = {
			isa = PBXFrameworksBuildPhase;
			buildActionMask = 2147483647;
			files = (
				E9E5434A1EC4838D00E5659C /* SQLite.framework in Frameworks */,
			);
			runOnlyForDeploymentPostprocessing = 0;
		};
/* End PBXFrameworksBuildPhase section */

/* Begin PBXGroup section */
		E9E542EE1EC465C300E5659C = {
			isa = PBXGroup;
			children = (
				E9E542F91EC465C300E5659C /* ThomasHamburger-pset5 */,
				E9E542F81EC465C300E5659C /* Products */,
				E9E543321EC4837600E5659C /* SQLite.xcodeproj */,
			);
			sourceTree = "<group>";
		};
		E9E542F81EC465C300E5659C /* Products */ = {
			isa = PBXGroup;
			children = (
				E9E542F71EC465C300E5659C /* ThomasHamburger-pset5.app */,
			);
			name = Products;
			sourceTree = "<group>";
		};
		E9E542F91EC465C300E5659C /* ThomasHamburger-pset5 */ = {
			isa = PBXGroup;
			children = (
				E9E542FA1EC465C300E5659C /* AppDelegate.swift */,
				E9E542FC1EC465C300E5659C /* MasterViewController.swift */,
				E9E542FE1EC465C300E5659C /* DetailViewController.swift */,
				E9E543001EC465C300E5659C /* Main.storyboard */,
				E9E5430E1EC46CA000E5659C /* TodoItem.swift */,
				E9E543101EC46CB600E5659C /* TodoList.swift */,
				E9E543121EC46CC800E5659C /* TodoManager.swift */,
				E9E543151EC47B7D00E5659C /* DatabaseHelper.swift */,
				E9D5405C1EC90B8600E0486E /* TableViewCell.swift */,
				E9E543031EC465C300E5659C /* Assets.xcassets */,
				E9E543051EC465C300E5659C /* LaunchScreen.storyboard */,
				E9E543081EC465C300E5659C /* Info.plist */,
			);
			path = "ThomasHamburger-pset5";
			sourceTree = "<group>";
		};
		E9E543331EC4837600E5659C /* Products */ = {
			isa = PBXGroup;
			children = (
				E9E5433D1EC4837600E5659C /* SQLite.framework */,
				E9E5433F1EC4837600E5659C /* SQLiteTests iOS.xctest */,
				E9E543411EC4837600E5659C /* SQLite.framework */,
				E9E543431EC4837600E5659C /* SQLiteTests Mac.xctest */,
				E9E543451EC4837600E5659C /* SQLite.framework */,
				E9E543471EC4837600E5659C /* SQLiteTests tvOS.xctest */,
				E9E543491EC4837600E5659C /* SQLite.framework */,
			);
			name = Products;
			sourceTree = "<group>";
		};
/* End PBXGroup section */

/* Begin PBXNativeTarget section */
		E9E542F61EC465C300E5659C /* ThomasHamburger-pset5 */ = {
			isa = PBXNativeTarget;
			buildConfigurationList = E9E5430B1EC465C300E5659C /* Build configuration list for PBXNativeTarget "ThomasHamburger-pset5" */;
			buildPhases = (
				E9E542F31EC465C300E5659C /* Sources */,
				E9E542F41EC465C300E5659C /* Frameworks */,
				E9E542F51EC465C300E5659C /* Resources */,
			);
			buildRules = (
			);
			dependencies = (
			);
			name = "ThomasHamburger-pset5";
			productName = "ThomasHamburger-pset5";
			productReference = E9E542F71EC465C300E5659C /* ThomasHamburger-pset5.app */;
			productType = "com.apple.product-type.application";
		};
/* End PBXNativeTarget section */

/* Begin PBXProject section */
		E9E542EF1EC465C300E5659C /* Project object */ = {
			isa = PBXProject;
			attributes = {
				LastSwiftUpdateCheck = 0830;
				LastUpgradeCheck = 0830;
				ORGANIZATIONNAME = "Thomas Hamburger";
				TargetAttributes = {
					E9E542F61EC465C300E5659C = {
						CreatedOnToolsVersion = 8.3.2;
						DevelopmentTeam = T2LS374DVV;
						ProvisioningStyle = Automatic;
					};
				};
			};
			buildConfigurationList = E9E542F21EC465C300E5659C /* Build configuration list for PBXProject "ThomasHamburger-pset5" */;
			compatibilityVersion = "Xcode 3.2";
			developmentRegion = English;
			hasScannedForEncodings = 0;
			knownRegions = (
				en,
				Base,
			);
			mainGroup = E9E542EE1EC465C300E5659C;
			productRefGroup = E9E542F81EC465C300E5659C /* Products */;
			projectDirPath = "";
			projectReferences = (
				{
					ProductGroup = E9E543331EC4837600E5659C /* Products */;
					ProjectRef = E9E543321EC4837600E5659C /* SQLite.xcodeproj */;
				},
			);
			projectRoot = "";
			targets = (
				E9E542F61EC465C300E5659C /* ThomasHamburger-pset5 */,
			);
		};
/* End PBXProject section */

/* Begin PBXReferenceProxy section */
		E9E5433D1EC4837600E5659C /* SQLite.framework */ = {
			isa = PBXReferenceProxy;
			fileType = wrapper.framework;
			path = SQLite.framework;
			remoteRef = E9E5433C1EC4837600E5659C /* PBXContainerItemProxy */;
			sourceTree = BUILT_PRODUCTS_DIR;
		};
		E9E5433F1EC4837600E5659C /* SQLiteTests iOS.xctest */ = {
			isa = PBXReferenceProxy;
			fileType = wrapper.cfbundle;
			path = "SQLiteTests iOS.xctest";
			remoteRef = E9E5433E1EC4837600E5659C /* PBXContainerItemProxy */;
			sourceTree = BUILT_PRODUCTS_DIR;
		};
		E9E543411EC4837600E5659C /* SQLite.framework */ = {
			isa = PBXReferenceProxy;
			fileType = wrapper.framework;
			path = SQLite.framework;
			remoteRef = E9E543401EC4837600E5659C /* PBXContainerItemProxy */;
			sourceTree = BUILT_PRODUCTS_DIR;
		};
		E9E543431EC4837600E5659C /* SQLiteTests Mac.xctest */ = {
			isa = PBXReferenceProxy;
			fileType = wrapper.cfbundle;
			path = "SQLiteTests Mac.xctest";
			remoteRef = E9E543421EC4837600E5659C /* PBXContainerItemProxy */;
			sourceTree = BUILT_PRODUCTS_DIR;
		};
		E9E543451EC4837600E5659C /* SQLite.framework */ = {
			isa = PBXReferenceProxy;
			fileType = wrapper.framework;
			path = SQLite.framework;
			remoteRef = E9E543441EC4837600E5659C /* PBXContainerItemProxy */;
			sourceTree = BUILT_PRODUCTS_DIR;
		};
		E9E543471EC4837600E5659C /* SQLiteTests tvOS.xctest */ = {
			isa = PBXReferenceProxy;
			fileType = wrapper.cfbundle;
			path = "SQLiteTests tvOS.xctest";
			remoteRef = E9E543461EC4837600E5659C /* PBXContainerItemProxy */;
			sourceTree = BUILT_PRODUCTS_DIR;
		};
		E9E543491EC4837600E5659C /* SQLite.framework */ = {
			isa = PBXReferenceProxy;
			fileType = wrapper.framework;
			path = SQLite.framework;
			remoteRef = E9E543481EC4837600E5659C /* PBXContainerItemProxy */;
			sourceTree = BUILT_PRODUCTS_DIR;
		};
/* End PBXReferenceProxy section */

/* Begin PBXResourcesBuildPhase section */
		E9E542F51EC465C300E5659C /* Resources */ = {
			isa = PBXResourcesBuildPhase;
			buildActionMask = 2147483647;
			files = (
				E9E543071EC465C300E5659C /* LaunchScreen.storyboard in Resources */,
				E9E543041EC465C300E5659C /* Assets.xcassets in Resources */,
				E9E543021EC465C300E5659C /* Main.storyboard in Resources */,
			);
			runOnlyForDeploymentPostprocessing = 0;
		};
/* End PBXResourcesBuildPhase section */

/* Begin PBXSourcesBuildPhase section */
		E9E542F31EC465C300E5659C /* Sources */ = {
			isa = PBXSourcesBuildPhase;
			buildActionMask = 2147483647;
			files = (
				E9E543111EC46CB600E5659C /* TodoList.swift in Sources */,
				E9D5405D1EC90B8600E0486E /* TableViewCell.swift in Sources */,
				E9E543131EC46CC800E5659C /* TodoManager.swift in Sources */,
				E9E542FF1EC465C300E5659C /* DetailViewController.swift in Sources */,
				E9E543161EC47B7D00E5659C /* DatabaseHelper.swift in Sources */,
				E9E542FD1EC465C300E5659C /* MasterViewController.swift in Sources */,
				E9E5430F1EC46CA000E5659C /* TodoItem.swift in Sources */,
				E9E542FB1EC465C300E5659C /* AppDelegate.swift in Sources */,
			);
			runOnlyForDeploymentPostprocessing = 0;
		};
/* End PBXSourcesBuildPhase section */

/* Begin PBXVariantGroup section */
		E9E543001EC465C300E5659C /* Main.storyboard */ = {
			isa = PBXVariantGroup;
			children = (
				E9E543011EC465C300E5659C /* Base */,
			);
			name = Main.storyboard;
			sourceTree = "<group>";
		};
		E9E543051EC465C300E5659C /* LaunchScreen.storyboard */ = {
			isa = PBXVariantGroup;
			children = (
				E9E543061EC465C300E5659C /* Base */,
			);
			name = LaunchScreen.storyboard;
			sourceTree = "<group>";
		};
/* End PBXVariantGroup section */

/* Begin XCBuildConfiguration section */
		E9E543091EC465C300E5659C /* Debug */ = {
			isa = XCBuildConfiguration;
			buildSettings = {
				ALWAYS_SEARCH_USER_PATHS = NO;
				CLANG_ANALYZER_NONNULL = YES;
				CLANG_ANALYZER_NUMBER_OBJECT_CONVERSION = YES_AGGRESSIVE;
				CLANG_CXX_LANGUAGE_STANDARD = "gnu++0x";
				CLANG_CXX_LIBRARY = "libc++";
				CLANG_ENABLE_MODULES = YES;
				CLANG_ENABLE_OBJC_ARC = YES;
				CLANG_WARN_BOOL_CONVERSION = YES;
				CLANG_WARN_CONSTANT_CONVERSION = YES;
				CLANG_WARN_DIRECT_OBJC_ISA_USAGE = YES_ERROR;
				CLANG_WARN_DOCUMENTATION_COMMENTS = YES;
				CLANG_WARN_EMPTY_BODY = YES;
				CLANG_WARN_ENUM_CONVERSION = YES;
				CLANG_WARN_INFINITE_RECURSION = YES;
				CLANG_WARN_INT_CONVERSION = YES;
				CLANG_WARN_OBJC_ROOT_CLASS = YES_ERROR;
				CLANG_WARN_SUSPICIOUS_MOVE = YES;
				CLANG_WARN_UNREACHABLE_CODE = YES;
				CLANG_WARN__DUPLICATE_METHOD_MATCH = YES;
				"CODE_SIGN_IDENTITY[sdk=iphoneos*]" = "iPhone Developer";
				COPY_PHASE_STRIP = NO;
				DEBUG_INFORMATION_FORMAT = dwarf;
				ENABLE_STRICT_OBJC_MSGSEND = YES;
				ENABLE_TESTABILITY = YES;
				GCC_C_LANGUAGE_STANDARD = gnu99;
				GCC_DYNAMIC_NO_PIC = NO;
				GCC_NO_COMMON_BLOCKS = YES;
				GCC_OPTIMIZATION_LEVEL = 0;
				GCC_PREPROCESSOR_DEFINITIONS = (
					"DEBUG=1",
					"$(inherited)",
				);
				GCC_WARN_64_TO_32_BIT_CONVERSION = YES;
				GCC_WARN_ABOUT_RETURN_TYPE = YES_ERROR;
				GCC_WARN_UNDECLARED_SELECTOR = YES;
				GCC_WARN_UNINITIALIZED_AUTOS = YES_AGGRESSIVE;
				GCC_WARN_UNUSED_FUNCTION = YES;
				GCC_WARN_UNUSED_VARIABLE = YES;
				IPHONEOS_DEPLOYMENT_TARGET = 10.3;
				MTL_ENABLE_DEBUG_INFO = YES;
				ONLY_ACTIVE_ARCH = YES;
				SDKROOT = iphoneos;
				SWIFT_ACTIVE_COMPILATION_CONDITIONS = DEBUG;
				SWIFT_OPTIMIZATION_LEVEL = "-Onone";
				TARGETED_DEVICE_FAMILY = "1,2";
			};
			name = Debug;
		};
		E9E5430A1EC465C300E5659C /* Release */ = {
			isa = XCBuildConfiguration;
			buildSettings = {
				ALWAYS_SEARCH_USER_PATHS = NO;
				CLANG_ANALYZER_NONNULL = YES;
				CLANG_ANALYZER_NUMBER_OBJECT_CONVERSION = YES_AGGRESSIVE;
				CLANG_CXX_LANGUAGE_STANDARD = "gnu++0x";
				CLANG_CXX_LIBRARY = "libc++";
				CLANG_ENABLE_MODULES = YES;
				CLANG_ENABLE_OBJC_ARC = YES;
				CLANG_WARN_BOOL_CONVERSION = YES;
				CLANG_WARN_CONSTANT_CONVERSION = YES;
				CLANG_WARN_DIRECT_OBJC_ISA_USAGE = YES_ERROR;
				CLANG_WARN_DOCUMENTATION_COMMENTS = YES;
				CLANG_WARN_EMPTY_BODY = YES;
				CLANG_WARN_ENUM_CONVERSION = YES;
				CLANG_WARN_INFINITE_RECURSION = YES;
				CLANG_WARN_INT_CONVERSION = YES;
				CLANG_WARN_OBJC_ROOT_CLASS = YES_ERROR;
				CLANG_WARN_SUSPICIOUS_MOVE = YES;
				CLANG_WARN_UNREACHABLE_CODE = YES;
				CLANG_WARN__DUPLICATE_METHOD_MATCH = YES;
				"CODE_SIGN_IDENTITY[sdk=iphoneos*]" = "iPhone Developer";
				COPY_PHASE_STRIP = NO;
				DEBUG_INFORMATION_FORMAT = "dwarf-with-dsym";
				ENABLE_NS_ASSERTIONS = NO;
				ENABLE_STRICT_OBJC_MSGSEND = YES;
				GCC_C_LANGUAGE_STANDARD = gnu99;
				GCC_NO_COMMON_BLOCKS = YES;
				GCC_WARN_64_TO_32_BIT_CONVERSION = YES;
				GCC_WARN_ABOUT_RETURN_TYPE = YES_ERROR;
				GCC_WARN_UNDECLARED_SELECTOR = YES;
				GCC_WARN_UNINITIALIZED_AUTOS = YES_AGGRESSIVE;
				GCC_WARN_UNUSED_FUNCTION = YES;
				GCC_WARN_UNUSED_VARIABLE = YES;
				IPHONEOS_DEPLOYMENT_TARGET = 10.3;
				MTL_ENABLE_DEBUG_INFO = NO;
				SDKROOT = iphoneos;
				SWIFT_OPTIMIZATION_LEVEL = "-Owholemodule";
				TARGETED_DEVICE_FAMILY = "1,2";
				VALIDATE_PRODUCT = YES;
			};
			name = Release;
		};
		E9E5430C1EC465C300E5659C /* Debug */ = {
			isa = XCBuildConfiguration;
			buildSettings = {
				ASSETCATALOG_COMPILER_APPICON_NAME = AppIcon;
				DEVELOPMENT_TEAM = T2LS374DVV;
				INFOPLIST_FILE = "ThomasHamburger-pset5/Info.plist";
				LD_RUNPATH_SEARCH_PATHS = "$(inherited) @executable_path/Frameworks";
				PRODUCT_BUNDLE_IDENTIFIER = "nl.mprog.ThomasHamburger-pset5";
				PRODUCT_NAME = "$(TARGET_NAME)";
				SWIFT_VERSION = 3.0;
			};
			name = Debug;
		};
		E9E5430D1EC465C300E5659C /* Release */ = {
			isa = XCBuildConfiguration;
			buildSettings = {
				ASSETCATALOG_COMPILER_APPICON_NAME = AppIcon;
				DEVELOPMENT_TEAM = T2LS374DVV;
				INFOPLIST_FILE = "ThomasHamburger-pset5/Info.plist";
				LD_RUNPATH_SEARCH_PATHS = "$(inherited) @executable_path/Frameworks";
				PRODUCT_BUNDLE_IDENTIFIER = "nl.mprog.ThomasHamburger-pset5";
				PRODUCT_NAME = "$(TARGET_NAME)";
				SWIFT_VERSION = 3.0;
			};
			name = Release;
		};
/* End XCBuildConfiguration section */

/* Begin XCConfigurationList section */
		E9E542F21EC465C300E5659C /* Build configuration list for PBXProject "ThomasHamburger-pset5" */ = {
			isa = XCConfigurationList;
			buildConfigurations = (
				E9E543091EC465C300E5659C /* Debug */,
				E9E5430A1EC465C300E5659C /* Release */,
			);
			defaultConfigurationIsVisible = 0;
			defaultConfigurationName = Release;
		};
		E9E5430B1EC465C300E5659C /* Build configuration list for PBXNativeTarget "ThomasHamburger-pset5" */ = {
			isa = XCConfigurationList;
			buildConfigurations = (
				E9E5430C1EC465C300E5659C /* Debug */,
				E9E5430D1EC465C300E5659C /* Release */,
			);
			defaultConfigurationIsVisible = 0;
			defaultConfigurationName = Release;
		};
/* End XCConfigurationList section */
	};
	rootObject = E9E542EF1EC465C300E5659C /* Project object */;
}
